{
  "name": "test-data",
  "version": "1.0.0",
  "lockfileVersion": 3,
  "requires": true,
  "packages": {
    "": {
      "name": "test-data",
      "version": "1.0.0",
      "license": "ISC",
      "dependencies": {
        "gen-mapping": "^0.0.1-security"
      }
    },
    "node_modules/gen-mapping": {
      "version": "0.0.1-security",
      "resolved": "https://registry.npmjs.org/gen-mapping/-/gen-mapping-0.0.1-security.tgz",
      "integrity": "sha512-tq6FSuPM+ldUmuJ9iBKB1QYSO1McI9aOuY50hD/vvr9lKWYR7UQz+UAiyuebw0TuP0M6faCJJ2tiLpWyELP8nQ=="
    }
  }
}
